// !$*UTF8*$!
{
	archiveVersion = 1;
	classes = {
	};
	objectVersion = 77;
	objects = {

/* Begin PBXBuildFile section */
		7AA73D2A2FD6DD4B00F09507 /* WidgetKit.framework in Frameworks */ = {isa = PBXBuildFile; fileRef = 7AA73D292FD6DD4B00F09507 /* WidgetKit.framework */; };
		7AA73D2C2FD6DD4B00F09507 /* SwiftUI.framework in Frameworks */ = {isa = PBXBuildFile; fileRef = 7AA73D2B2FD6DD4B00F09507 /* SwiftUI.framework */; };
		7AA73D3D2FD6DD4C00F09507 /* CountryMeWidgetExtension.appex in Embed Foundation Extensions */ = {isa = PBXBuildFile; fileRef = 7AA73D272FD6DD4B00F09507 /* CountryMeWidgetExtension.appex */; settings = {ATTRIBUTES = (RemoveHeadersOnCopy, ); }; };
/* End PBXBuildFile section */

/* Begin PBXContainerItemProxy section */
		7AA73CD62FD6D1F600F09507 /* PBXContainerItemProxy */ = {
			isa = PBXContainerItemProxy;
			containerPortal = 7AA73CBC2FD6D1F500F09507 /* Project object */;
			proxyType = 1;
			remoteGlobalIDString = 7AA73CC32FD6D1F500F09507;
			remoteInfo = CountryMe;
		};
		7AA73CE02FD6D1F600F09507 /* PBXContainerItemProxy */ = {
			isa = PBXContainerItemProxy;
			containerPortal = 7AA73CBC2FD6D1F500F09507 /* Project object */;
			proxyType = 1;
			remoteGlobalIDString = 7AA73CC32FD6D1F500F09507;
			remoteInfo = CountryMe;
		};
		7AA73D3B2FD6DD4C00F09507 /* PBXContainerItemProxy */ = {
			isa = PBXContainerItemProxy;
			containerPortal = 7AA73CBC2FD6D1F500F09507 /* Project object */;
			proxyType = 1;
			remoteGlobalIDString = 7AA73D262FD6DD4B00F09507;
			remoteInfo = CountryMeWidgetExtension;
		};
/* End PBXContainerItemProxy section */

/* Begin PBXCopyFilesBuildPhase section */
		7AA73D3E2FD6DD4C00F09507 /* Embed Foundation Extensions */ = {
			isa = PBXCopyFilesBuildPhase;
			buildActionMask = 2147483647;
			dstPath = "";
			dstSubfolderSpec = 13;
			files = (
				7AA73D3D2FD6DD4C00F09507 /* CountryMeWidgetExtension.appex in Embed Foundation Extensions */,
			);
			name = "Embed Foundation Extensions";
			runOnlyForDeploymentPostprocessing = 0;
		};
/* End PBXCopyFilesBuildPhase section */

/* Begin PBXFileReference section */
		7A1177C22FD71F25008D667C /* CountryMe.xctestplan */ = {isa = PBXFileReference; lastKnownFileType = text; path = CountryMe.xctestplan; sourceTree = "<group>"; };
		7AA73CC42FD6D1F500F09507 /* CountryMe.app */ = {isa = PBXFileReference; explicitFileType = wrapper.application; includeInIndex = 0; path = CountryMe.app; sourceTree = BUILT_PRODUCTS_DIR; };
		7AA73CD52FD6D1F600F09507 /* CountryMeTests.xctest */ = {isa = PBXFileReference; explicitFileType = wrapper.cfbundle; includeInIndex = 0; path = CountryMeTests.xctest; sourceTree = BUILT_PRODUCTS_DIR; };
		7AA73CDF2FD6D1F600F09507 /* CountryMeUITests.xctest */ = {isa = PBXFileReference; explicitFileType = wrapper.cfbundle; includeInIndex = 0; path = CountryMeUITests.xctest; sourceTree = BUILT_PRODUCTS_DIR; };
		7AA73D272FD6DD4B00F09507 /* CountryMeWidgetExtension.appex */ = {isa = PBXFileReference; explicitFileType = "wrapper.app-extension"; includeInIndex = 0; path = CountryMeWidgetExtension.appex; sourceTree = BUILT_PRODUCTS_DIR; };
		7AA73D292FD6DD4B00F09507 /* WidgetKit.framework */ = {isa = PBXFileReference; lastKnownFileType = wrapper.framework; name = WidgetKit.framework; path = System/Library/Frameworks/WidgetKit.framework; sourceTree = SDKROOT; };
		7AA73D2B2FD6DD4B00F09507 /* SwiftUI.framework */ = {isa = PBXFileReference; lastKnownFileType = wrapper.framework; name = SwiftUI.framework; path = System/Library/Frameworks/SwiftUI.framework; sourceTree = SDKROOT; };
		7AA73DE62FD6DFD900F09507 /* CountryMeWidgetExtension.entitlements */ = {isa = PBXFileReference; lastKnownFileType = text.plist.entitlements; path = CountryMeWidgetExtension.entitlements; sourceTree = "<group>"; };
/* End PBXFileReference section */

/* Begin PBXFileSystemSynchronizedBuildFileExceptionSet section */
		7AA73CE72FD6D1F600F09507 /* Exceptions for "CountryMe" folder in "CountryMe" target */ = {
			isa = PBXFileSystemSynchronizedBuildFileExceptionSet;
			membershipExceptions = (
				Info.plist,
			);
			target = 7AA73CC32FD6D1F500F09507 /* CountryMe */;
		};
		7AA73D422FD6DD4C00F09507 /* Exceptions for "CountryMeWidget" folder in "CountryMeWidgetExtension" target */ = {
			isa = PBXFileSystemSynchronizedBuildFileExceptionSet;
			membershipExceptions = (
				Info.plist,
			);
			target = 7AA73D262FD6DD4B00F09507 /* CountryMeWidgetExtension */;
		};
		7AA73DE82FD6E45900F09507 /* Exceptions for "CountryMe" folder in "CountryMeWidgetExtension" target */ = {
			isa = PBXFileSystemSynchronizedBuildFileExceptionSet;
			membershipExceptions = (
				Models/CountryFlag.swift,
				Models/CountryMeSchema.swift,
				Models/CountryStay.swift,
				Models/SharedModelContainer.swift,
			);
			target = 7AA73D262FD6DD4B00F09507 /* CountryMeWidgetExtension */;
		};
/* End PBXFileSystemSynchronizedBuildFileExceptionSet section */

/* Begin PBXFileSystemSynchronizedRootGroup section */
		7AA73CC62FD6D1F500F09507 /* CountryMe */ = {
			isa = PBXFileSystemSynchronizedRootGroup;
			exceptions = (
				7AA73CE72FD6D1F600F09507 /* Exceptions for "CountryMe" folder in "CountryMe" target */,
				7AA73DE82FD6E45900F09507 /* Exceptions for "CountryMe" folder in "CountryMeWidgetExtension" target */,
			);
			path = CountryMe;
			sourceTree = "<group>";
		};
		7AA73CD82FD6D1F600F09507 /* CountryMeTests */ = {
			isa = PBXFileSystemSynchronizedRootGroup;
			path = CountryMeTests;
			sourceTree = "<group>";
		};
		7AA73CE22FD6D1F600F09507 /* CountryMeUITests */ = {
			isa = PBXFileSystemSynchronizedRootGroup;
			path = CountryMeUITests;
			sourceTree = "<group>";
		};
		7AA73D2D2FD6DD4B00F09507 /* CountryMeWidget */ = {
			isa = PBXFileSystemSynchronizedRootGroup;
			exceptions = (
				7AA73D422FD6DD4C00F09507 /* Exceptions for "CountryMeWidget" folder in "CountryMeWidgetExtension" target */,
			);
			path = CountryMeWidget;
			sourceTree = "<group>";
		};
/* End PBXFileSystemSynchronizedRootGroup section */

/* Begin PBXFrameworksBuildPhase section */
		7AA73CC12FD6D1F500F09507 /* Frameworks */ = {
			isa = PBXFrameworksBuildPhase;
			buildActionMask = 2147483647;
			files = (
			);
			runOnlyForDeploymentPostprocessing = 0;
		};
		7AA73CD22FD6D1F600F09507 /* Frameworks */ = {
			isa = PBXFrameworksBuildPhase;
			buildActionMask = 2147483647;
			files = (
			);
			runOnlyForDeploymentPostprocessing = 0;
		};
		7AA73CDC2FD6D1F600F09507 /* Frameworks */ = {
			isa = PBXFrameworksBuildPhase;
			buildActionMask = 2147483647;
			files = (
			);
			runOnlyForDeploymentPostprocessing = 0;
		};
		7AA73D242FD6DD4B00F09507 /* Frameworks */ = {
			isa = PBXFrameworksBuildPhase;
			buildActionMask = 2147483647;
			files = (
				7AA73D2C2FD6DD4B00F09507 /* SwiftUI.framework in Frameworks */,
				7AA73D2A2FD6DD4B00F09507 /* WidgetKit.framework in Frameworks */,
			);
			runOnlyForDeploymentPostprocessing = 0;
		};
/* End PBXFrameworksBuildPhase section */

/* Begin PBXGroup section */
		7AA73CBB2FD6D1F500F09507 = {
			isa = PBXGroup;
			children = (
				7A1177C22FD71F25008D667C /* CountryMe.xctestplan */,
				7AA73DE62FD6DFD900F09507 /* CountryMeWidgetExtension.entitlements */,
				7AA73CC62FD6D1F500F09507 /* CountryMe */,
				7AA73CD82FD6D1F600F09507 /* CountryMeTests */,
				7AA73CE22FD6D1F600F09507 /* CountryMeUITests */,
				7AA73D2D2FD6DD4B00F09507 /* CountryMeWidget */,
				7AA73D282FD6DD4B00F09507 /* Frameworks */,
				7AA73CC52FD6D1F500F09507 /* Products */,
			);
			sourceTree = "<group>";
		};
		7AA73CC52FD6D1F500F09507 /* Products */ = {
			isa = PBXGroup;
			children = (
				7AA73CC42FD6D1F500F09507 /* CountryMe.app */,
				7AA73CD52FD6D1F600F09507 /* CountryMeTests.xctest */,
				7AA73CDF2FD6D1F600F09507 /* CountryMeUITests.xctest */,
				7AA73D272FD6DD4B00F09507 /* CountryMeWidgetExtension.appex */,
			);
			name = Products;
			sourceTree = "<group>";
		};
		7AA73D282FD6DD4B00F09507 /* Frameworks */ = {
			isa = PBXGroup;
			children = (
				7AA73D292FD6DD4B00F09507 /* WidgetKit.framework */,
				7AA73D2B2FD6DD4B00F09507 /* SwiftUI.framework */,
			);
			name = Frameworks;
			sourceTree = "<group>";
		};
/* End PBXGroup section */

/* Begin PBXNativeTarget section */
		7AA73CC32FD6D1F500F09507 /* CountryMe */ = {
			isa = PBXNativeTarget;
			buildConfigurationList = 7AA73CE82FD6D1F600F09507 /* Build configuration list for PBXNativeTarget "CountryMe" */;
			buildPhases = (
				7AA73CC02FD6D1F500F09507 /* Sources */,
				7AA73CC12FD6D1F500F09507 /* Frameworks */,
				7AA73CC22FD6D1F500F09507 /* Resources */,
				7AA73D3E2FD6DD4C00F09507 /* Embed Foundation Extensions */,
			);
			buildRules = (
			);
			dependencies = (
				7AA73D3C2FD6DD4C00F09507 /* PBXTargetDependency */,
			);
			fileSystemSynchronizedGroups = (
				7AA73CC62FD6D1F500F09507 /* CountryMe */,
			);
			name = CountryMe;
			packageProductDependencies = (
			);
			productName = CountryMe;
			productReference = 7AA73CC42FD6D1F500F09507 /* CountryMe.app */;
			productType = "com.apple.product-type.application";
		};
		7AA73CD42FD6D1F600F09507 /* CountryMeTests */ = {
			isa = PBXNativeTarget;
			buildConfigurationList = 7AA73CED2FD6D1F600F09507 /* Build configuration list for PBXNativeTarget "CountryMeTests" */;
			buildPhases = (
				7AA73CD12FD6D1F600F09507 /* Sources */,
				7AA73CD22FD6D1F600F09507 /* Frameworks */,
				7AA73CD32FD6D1F600F09507 /* Resources */,
			);
			buildRules = (
			);
			dependencies = (
				7AA73CD72FD6D1F600F09507 /* PBXTargetDependency */,
			);
			fileSystemSynchronizedGroups = (
				7AA73CD82FD6D1F600F09507 /* CountryMeTests */,
			);
			name = CountryMeTests;
			packageProductDependencies = (
			);
			productName = CountryMeTests;
			productReference = 7AA73CD52FD6D1F600F09507 /* CountryMeTests.xctest */;
			productType = "com.apple.product-type.bundle.unit-test";
		};
		7AA73CDE2FD6D1F600F09507 /* CountryMeUITests */ = {
			isa = PBXNativeTarget;
			buildConfigurationList = 7AA73CF02FD6D1F600F09507 /* Build configuration list for PBXNativeTarget "CountryMeUITests" */;
			buildPhases = (
				7AA73CDB2FD6D1F600F09507 /* Sources */,
				7AA73CDC2FD6D1F600F09507 /* Frameworks */,
				7AA73CDD2FD6D1F600F09507 /* Resources */,
			);
			buildRules = (
			);
			dependencies = (
				7AA73CE12FD6D1F600F09507 /* PBXTargetDependency */,
			);
			fileSystemSynchronizedGroups = (
				7AA73CE22FD6D1F600F09507 /* CountryMeUITests */,
			);
			name = CountryMeUITests;
			packageProductDependencies = (
			);
			productName = CountryMeUITests;
			productReference = 7AA73CDF2FD6D1F600F09507 /* CountryMeUITests.xctest */;
			productType = "com.apple.product-type.bundle.ui-testing";
		};
		7AA73D262FD6DD4B00F09507 /* CountryMeWidgetExtension */ = {
			isa = PBXNativeTarget;
			buildConfigurationList = 7AA73D412FD6DD4C00F09507 /* Build configuration list for PBXNativeTarget "CountryMeWidgetExtension" */;
			buildPhases = (
				7AA73D232FD6DD4B00F09507 /* Sources */,
				7AA73D242FD6DD4B00F09507 /* Frameworks */,
				7AA73D252FD6DD4B00F09507 /* Resources */,
			);
			buildRules = (
			);
			dependencies = (
			);
			fileSystemSynchronizedGroups = (
				7AA73D2D2FD6DD4B00F09507 /* CountryMeWidget */,
			);
			name = CountryMeWidgetExtension;
			packageProductDependencies = (
			);
			productName = CountryMeWidgetExtension;
			productReference = 7AA73D272FD6DD4B00F09507 /* CountryMeWidgetExtension.appex */;
			productType = "com.apple.product-type.app-extension";
		};
/* End PBXNativeTarget section */

/* Begin PBXProject section */
		7AA73CBC2FD6D1F500F09507 /* Project object */ = {
			isa = PBXProject;
			attributes = {
				BuildIndependentTargetsInParallel = 1;
				LastSwiftUpdateCheck = 2650;
				LastUpgradeCheck = 2650;
				TargetAttributes = {
					7AA73CC32FD6D1F500F09507 = {
						CreatedOnToolsVersion = 26.5;
					};
					7AA73CD42FD6D1F600F09507 = {
						CreatedOnToolsVersion = 26.5;
						TestTargetID = 7AA73CC32FD6D1F500F09507;
					};
					7AA73CDE2FD6D1F600F09507 = {
						CreatedOnToolsVersion = 26.5;
						TestTargetID = 7AA73CC32FD6D1F500F09507;
					};
					7AA73D262FD6DD4B00F09507 = {
						CreatedOnToolsVersion = 26.5;
					};
				};
			};
			buildConfigurationList = 7AA73CBF2FD6D1F500F09507 /* Build configuration list for PBXProject "CountryMe" */;
			developmentRegion = en;
			hasScannedForEncodings = 0;
			knownRegions = (
				en,
				Base,
			);
			mainGroup = 7AA73CBB2FD6D1F500F09507;
			minimizedProjectReferenceProxies = 1;
			preferredProjectObjectVersion = 77;
			productRefGroup = 7AA73CC52FD6D1F500F09507 /* Products */;
			projectDirPath = "";
			projectRoot = "";
			targets = (
				7AA73CC32FD6D1F500F09507 /* CountryMe */,
				7AA73CD42FD6D1F600F09507 /* CountryMeTests */,
				7AA73CDE2FD6D1F600F09507 /* CountryMeUITests */,
				7AA73D262FD6DD4B00F09507 /* CountryMeWidgetExtension */,
			);
		};
/* End PBXProject section */

/* Begin PBXResourcesBuildPhase section */
		7AA73CC22FD6D1F500F09507 /* Resources */ = {
			isa = PBXResourcesBuildPhase;
			buildActionMask = 2147483647;
			files = (
			);
			runOnlyForDeploymentPostprocessing = 0;
		};
		7AA73CD32FD6D1F600F09507 /* Resources */ = {
			isa = PBXResourcesBuildPhase;
			buildActionMask = 2147483647;
			files = (
			);
			runOnlyForDeploymentPostprocessing = 0;
		};
		7AA73CDD2FD6D1F600F09507 /* Resources */ = {
			isa = PBXResourcesBuildPhase;
			buildActionMask = 2147483647;
			files = (
			);
			runOnlyForDeploymentPostprocessing = 0;
		};
		7AA73D252FD6DD4B00F09507 /* Resources */ = {
			isa = PBXResourcesBuildPhase;
			buildActionMask = 2147483647;
			files = (
			);
			runOnlyForDeploymentPostprocessing = 0;
		};
/* End PBXResourcesBuildPhase section */

/* Begin PBXSourcesBuildPhase section */
		7AA73CC02FD6D1F500F09507 /* Sources */ = {
			isa = PBXSourcesBuildPhase;
			buildActionMask = 2147483647;
			files = (
			);
			runOnlyForDeploymentPostprocessing = 0;
		};
		7AA73CD12FD6D1F600F09507 /* Sources */ = {
			isa = PBXSourcesBuildPhase;
			buildActionMask = 2147483647;
			files = (
			);
			runOnlyForDeploymentPostprocessing = 0;
		};
		7AA73CDB2FD6D1F600F09507 /* Sources */ = {
			isa = PBXSourcesBuildPhase;
			buildActionMask = 2147483647;
			files = (
			);
			runOnlyForDeploymentPostprocessing = 0;
		};
		7AA73D232FD6DD4B00F09507 /* Sources */ = {
			isa = PBXSourcesBuildPhase;
			buildActionMask = 2147483647;
			files = (
			);
			runOnlyForDeploymentPostprocessing = 0;
		};
/* End PBXSourcesBuildPhase section */

/* Begin PBXTargetDependency section */
		7AA73CD72FD6D1F600F09507 /* PBXTargetDependency */ = {
			isa = PBXTargetDependency;
			target = 7AA73CC32FD6D1F500F09507 /* CountryMe */;
			targetProxy = 7AA73CD62FD6D1F600F09507 /* PBXContainerItemProxy */;
		};
		7AA73CE12FD6D1F600F09507 /* PBXTargetDependency */ = {
			isa = PBXTargetDependency;
			target = 7AA73CC32FD6D1F500F09507 /* CountryMe */;
			targetProxy = 7AA73CE02FD6D1F600F09507 /* PBXContainerItemProxy */;
		};
		7AA73D3C2FD6DD4C00F09507 /* PBXTargetDependency */ = {
			isa = PBXTargetDependency;
			target = 7AA73D262FD6DD4B00F09507 /* CountryMeWidgetExtension */;
			targetProxy = 7AA73D3B2FD6DD4C00F09507 /* PBXContainerItemProxy */;
		};
/* End PBXTargetDependency section */

/* Begin XCBuildConfiguration section */
		7AA73CE92FD6D1F600F09507 /* Debug */ = {
			isa = XCBuildConfiguration;
			buildSettings = {
				ASSETCATALOG_COMPILER_APPICON_NAME = AppIcon;
				ASSETCATALOG_COMPILER_GLOBAL_ACCENT_COLOR_NAME = AccentColor;
				CODE_SIGN_ENTITLEMENTS = CountryMe/CountryMe.entitlements;
				CODE_SIGN_STYLE = Automatic;
				CURRENT_PROJECT_VERSION = 1;
				DEVELOPMENT_TEAM = BSYPP7R75C;
				ENABLE_APP_SANDBOX = YES;
				ENABLE_HARDENED_RUNTIME = YES;
				ENABLE_PREVIEWS = YES;
				ENABLE_USER_SELECTED_FILES = readonly;
				GENERATE_INFOPLIST_FILE = YES;
				INFOPLIST_FILE = CountryMe/Info.plist;
				"INFOPLIST_KEY_UIApplicationSceneManifest_Generation[sdk=iphoneos*]" = YES;
				"INFOPLIST_KEY_UIApplicationSceneManifest_Generation[sdk=iphonesimulator*]" = YES;
				"INFOPLIST_KEY_UIApplicationSupportsIndirectInputEvents[sdk=iphoneos*]" = YES;
				"INFOPLIST_KEY_UIApplicationSupportsIndirectInputEvents[sdk=iphonesimulator*]" = YES;
				"INFOPLIST_KEY_UILaunchScreen_Generation[sdk=iphoneos*]" = YES;
				"INFOPLIST_KEY_UILaunchScreen_Generation[sdk=iphonesimulator*]" = YES;
				"INFOPLIST_KEY_UIStatusBarStyle[sdk=iphoneos*]" = UIStatusBarStyleDefault;
				"INFOPLIST_KEY_UIStatusBarStyle[sdk=iphonesimulator*]" = UIStatusBarStyleDefault;
				INFOPLIST_KEY_UISupportedInterfaceOrientations_iPad = "UIInterfaceOrientationPortrait UIInterfaceOrientationPortraitUpsideDown UIInterfaceOrientationLandscapeLeft UIInterfaceOrientationLandscapeRight";
				INFOPLIST_KEY_UISupportedInterfaceOrientations_iPhone = "UIInterfaceOrientationPortrait UIInterfaceOrientationLandscapeLeft UIInterfaceOrientationLandscapeRight";
				IPHONEOS_DEPLOYMENT_TARGET = 26.5;
				LD_RUNPATH_SEARCH_PATHS = "@executable_path/Frameworks";
				"LD_RUNPATH_SEARCH_PATHS[sdk=macosx*]" = "@executable_path/../Frameworks";
				MACOSX_DEPLOYMENT_TARGET = 26.5;
				MARKETING_VERSION = 1.0;
				PRODUCT_BUNDLE_IDENTIFIER = gz.xdmdev.CountryMe;
				PRODUCT_NAME = "$(TARGET_NAME)";
				REGISTER_APP_GROUPS = YES;
				SDKROOT = auto;
				STRING_CATALOG_GENERATE_SYMBOLS = YES;
				SUPPORTED_PLATFORMS = "iphoneos iphonesimulator macosx xros xrsimulator";
				SWIFT_APPROACHABLE_CONCURRENCY = YES;
				SWIFT_DEFAULT_ACTOR_ISOLATION = MainActor;
				SWIFT_EMIT_LOC_STRINGS = YES;
				SWIFT_UPCOMING_FEATURE_MEMBER_IMPORT_VISIBILITY = YES;
				SWIFT_VERSION = 5.0;
				TARGETED_DEVICE_FAMILY = "1,2,7";
				XROS_DEPLOYMENT_TARGET = 26.5;
			};
			name = Debug;
		};
		7AA73CEA2FD6D1F600F09507 /* Release */ = {
			isa = XCBuildConfiguration;
			buildSettings = {
				ASSETCATALOG_COMPILER_APPICON_NAME = AppIcon;
				ASSETCATALOG_COMPILER_GLOBAL_ACCENT_COLOR_NAME = AccentColor;
				CODE_SIGN_ENTITLEMENTS = CountryMe/CountryMe.entitlements;
				CODE_SIGN_STYLE = Automatic;
				CURRENT_PROJECT_VERSION = 1;
				DEVELOPMENT_TEAM = BSYPP7R75C;
				ENABLE_APP_SANDBOX = YES;
				ENABLE_HARDENED_RUNTIME = YES;
				ENABLE_PREVIEWS = YES;
				ENABLE_USER_SELECTED_FILES = readonly;
				GENERATE_INFOPLIST_FILE = YES;
				INFOPLIST_FILE = CountryMe/Info.plist;
				"INFOPLIST_KEY_UIApplicationSceneManifest_Generation[sdk=iphoneos*]" = YES;
				"INFOPLIST_KEY_UIApplicationSceneManifest_Generation[sdk=iphonesimulator*]" = YES;
				"INFOPLIST_KEY_UIApplicationSupportsIndirectInputEvents[sdk=iphoneos*]" = YES;
				"INFOPLIST_KEY_UIApplicationSupportsIndirectInputEvents[sdk=iphonesimulator*]" = YES;
				"INFOPLIST_KEY_UILaunchScreen_Generation[sdk=iphoneos*]" = YES;
				"INFOPLIST_KEY_UILaunchScreen_Generation[sdk=iphonesimulator*]" = YES;
				"INFOPLIST_KEY_UIStatusBarStyle[sdk=iphoneos*]" = UIStatusBarStyleDefault;
				"INFOPLIST_KEY_UIStatusBarStyle[sdk=iphonesimulator*]" = UIStatusBarStyleDefault;
				INFOPLIST_KEY_UISupportedInterfaceOrientations_iPad = "UIInterfaceOrientationPortrait UIInterfaceOrientationPortraitUpsideDown UIInterfaceOrientationLandscapeLeft UIInterfaceOrientationLandscapeRight";
				INFOPLIST_KEY_UISupportedInterfaceOrientations_iPhone = "UIInterfaceOrientationPortrait UIInterfaceOrientationLandscapeLeft UIInterfaceOrientationLandscapeRight";
				IPHONEOS_DEPLOYMENT_TARGET = 26.5;
				LD_RUNPATH_SEARCH_PATHS = "@executable_path/Frameworks";
				"LD_RUNPATH_SEARCH_PATHS[sdk=macosx*]" = "@executable_path/../Frameworks";
				MACOSX_DEPLOYMENT_TARGET = 26.5;
				MARKETING_VERSION = 1.0;
				PRODUCT_BUNDLE_IDENTIFIER = gz.xdmdev.CountryMe;
				PRODUCT_NAME = "$(TARGET_NAME)";
				REGISTER_APP_GROUPS = YES;
				SDKROOT = auto;
				STRING_CATALOG_GENERATE_SYMBOLS = YES;
				SUPPORTED_PLATFORMS = "iphoneos iphonesimulator macosx xros xrsimulator";
				SWIFT_APPROACHABLE_CONCURRENCY = YES;
				SWIFT_DEFAULT_ACTOR_ISOLATION = MainActor;
				SWIFT_EMIT_LOC_STRINGS = YES;
				SWIFT_UPCOMING_FEATURE_MEMBER_IMPORT_VISIBILITY = YES;
				SWIFT_VERSION = 5.0;
				TARGETED_DEVICE_FAMILY = "1,2,7";
				XROS_DEPLOYMENT_TARGET = 26.5;
			};
			name = Release;
		};
		7AA73CEB2FD6D1F600F09507 /* Debug */ = {
			isa = XCBuildConfiguration;
			buildSettings = {
				ALWAYS_SEARCH_USER_PATHS = NO;
				ASSETCATALOG_COMPILER_GENERATE_SWIFT_ASSET_SYMBOL_EXTENSIONS = YES;
				CLANG_ANALYZER_NONNULL = YES;
				CLANG_ANALYZER_NUMBER_OBJECT_CONVERSION = YES_AGGRESSIVE;
				CLANG_CXX_LANGUAGE_STANDARD = "gnu++20";
				CLANG_ENABLE_MODULES = YES;
				CLANG_ENABLE_OBJC_ARC = YES;
				CLANG_ENABLE_OBJC_WEAK = YES;
				CLANG_WARN_BLOCK_CAPTURE_AUTORELEASING = YES;
				CLANG_WARN_BOOL_CONVERSION = YES;
				CLANG_WARN_COMMA = YES;
				CLANG_WARN_CONSTANT_CONVERSION = YES;
				CLANG_WARN_DEPRECATED_OBJC_IMPLEMENTATIONS = YES;
				CLANG_WARN_DIRECT_OBJC_ISA_USAGE = YES_ERROR;
				CLANG_WARN_DOCUMENTATION_COMMENTS = YES;
				CLANG_WARN_EMPTY_BODY = YES;
				CLANG_WARN_ENUM_CONVERSION = YES;
				CLANG_WARN_INFINITE_RECURSION = YES;
				CLANG_WARN_INT_CONVERSION = YES;
				CLANG_WARN_NON_LITERAL_NULL_CONVERSION = YES;
				CLANG_WARN_OBJC_IMPLICIT_RETAIN_SELF = YES;
				CLANG_WARN_OBJC_LITERAL_CONVERSION = YES;
				CLANG_WARN_OBJC_ROOT_CLASS = YES_ERROR;
				CLANG_WARN_QUOTED_INCLUDE_IN_FRAMEWORK_HEADER = YES;
				CLANG_WARN_RANGE_LOOP_ANALYSIS = YES;
				CLANG_WARN_STRICT_PROTOTYPES = YES;
				CLANG_WARN_SUSPICIOUS_MOVE = YES;
				CLANG_WARN_UNGUARDED_AVAILABILITY = YES_AGGRESSIVE;
				CLANG_WARN_UNREACHABLE_CODE = YES;
				CLANG_WARN__DUPLICATE_METHOD_MATCH = YES;
				COPY_PHASE_STRIP = NO;
				DEBUG_INFORMATION_FORMAT = dwarf;
				DEVELOPMENT_TEAM = BSYPP7R75C;
				ENABLE_STRICT_OBJC_MSGSEND = YES;
				ENABLE_TESTABILITY = YES;
				ENABLE_USER_SCRIPT_SANDBOXING = YES;
				GCC_C_LANGUAGE_STANDARD = gnu17;
				GCC_DYNAMIC_NO_PIC = NO;
				GCC_NO_COMMON_BLOCKS = YES;
				GCC_OPTIMIZATION_LEVEL = 0;
				GCC_PREPROCESSOR_DEFINITIONS = (
					"DEBUG=1",
					"$(inherited)",
				);
				GCC_WARN_64_TO_32_BIT_CONVERSION = YES;
				GCC_WARN_ABOUT_RETURN_TYPE = YES_ERROR;
				GCC_WARN_UNDECLARED_SELECTOR = YES;
				GCC_WARN_UNINITIALIZED_AUTOS = YES_AGGRESSIVE;
				GCC_WARN_UNUSED_FUNCTION = YES;
				GCC_WARN_UNUSED_VARIABLE = YES;
				LOCALIZATION_PREFERS_STRING_CATALOGS = YES;
				MTL_ENABLE_DEBUG_INFO = INCLUDE_SOURCE;
				MTL_FAST_MATH = YES;
				ONLY_ACTIVE_ARCH = YES;
				SWIFT_ACTIVE_COMPILATION_CONDITIONS = "DEBUG $(inherited)";
				SWIFT_OPTIMIZATION_LEVEL = "-Onone";
			};
			name = Debug;
		};
		7AA73CEC2FD6D1F600F09507 /* Release */ = {
			isa = XCBuildConfiguration;
			buildSettings = {
				ALWAYS_SEARCH_USER_PATHS = NO;
				ASSETCATALOG_COMPILER_GENERATE_SWIFT_ASSET_SYMBOL_EXTENSIONS = YES;
				CLANG_ANALYZER_NONNULL = YES;
				CLANG_ANALYZER_NUMBER_OBJECT_CONVERSION = YES_AGGRESSIVE;
				CLANG_CXX_LANGUAGE_STANDARD = "gnu++20";
				CLANG_ENABLE_MODULES = YES;
				CLANG_ENABLE_OBJC_ARC = YES;
				CLANG_ENABLE_OBJC_WEAK = YES;
				CLANG_WARN_BLOCK_CAPTURE_AUTORELEASING = YES;
				CLANG_WARN_BOOL_CONVERSION = YES;
				CLANG_WARN_COMMA = YES;
				CLANG_WARN_CONSTANT_CONVERSION = YES;
				CLANG_WARN_DEPRECATED_OBJC_IMPLEMENTATIONS = YES;
				CLANG_WARN_DIRECT_OBJC_ISA_USAGE = YES_ERROR;
				CLANG_WARN_DOCUMENTATION_COMMENTS = YES;
				CLANG_WARN_EMPTY_BODY = YES;
				CLANG_WARN_ENUM_CONVERSION = YES;
				CLANG_WARN_INFINITE_RECURSION = YES;
				CLANG_WARN_INT_CONVERSION = YES;
				CLANG_WARN_NON_LITERAL_NULL_CONVERSION = YES;
				CLANG_WARN_OBJC_IMPLICIT_RETAIN_SELF = YES;
				CLANG_WARN_OBJC_LITERAL_CONVERSION = YES;
				CLANG_WARN_OBJC_ROOT_CLASS = YES_ERROR;
				CLANG_WARN_QUOTED_INCLUDE_IN_FRAMEWORK_HEADER = YES;
				CLANG_WARN_RANGE_LOOP_ANALYSIS = YES;
				CLANG_WARN_STRICT_PROTOTYPES = YES;
				CLANG_WARN_SUSPICIOUS_MOVE = YES;
				CLANG_WARN_UNGUARDED_AVAILABILITY = YES_AGGRESSIVE;
				CLANG_WARN_UNREACHABLE_CODE = YES;
				CLANG_WARN__DUPLICATE_METHOD_MATCH = YES;
				COPY_PHASE_STRIP = NO;
				DEBUG_INFORMATION_FORMAT = "dwarf-with-dsym";
				DEVELOPMENT_TEAM = BSYPP7R75C;
				ENABLE_NS_ASSERTIONS = NO;
				ENABLE_STRICT_OBJC_MSGSEND = YES;
				ENABLE_USER_SCRIPT_SANDBOXING = YES;
				GCC_C_LANGUAGE_STANDARD = gnu17;
				GCC_NO_COMMON_BLOCKS = YES;
				GCC_WARN_64_TO_32_BIT_CONVERSION = YES;
				GCC_WARN_ABOUT_RETURN_TYPE = YES_ERROR;
				GCC_WARN_UNDECLARED_SELECTOR = YES;
				GCC_WARN_UNINITIALIZED_AUTOS = YES_AGGRESSIVE;
				GCC_WARN_UNUSED_FUNCTION = YES;
				GCC_WARN_UNUSED_VARIABLE = YES;
				LOCALIZATION_PREFERS_STRING_CATALOGS = YES;
				MTL_ENABLE_DEBUG_INFO = NO;
				MTL_FAST_MATH = YES;
				SWIFT_COMPILATION_MODE = wholemodule;
			};
			name = Release;
		};
		7AA73CEE2FD6D1F600F09507 /* Debug */ = {
			isa = XCBuildConfiguration;
			buildSettings = {
				BUNDLE_LOADER = "$(TEST_HOST)";
				CODE_SIGN_STYLE = Automatic;
				CURRENT_PROJECT_VERSION = 1;
				DEVELOPMENT_TEAM = BSYPP7R75C;
				GENERATE_INFOPLIST_FILE = YES;
				IPHONEOS_DEPLOYMENT_TARGET = 26.5;
				MACOSX_DEPLOYMENT_TARGET = 26.5;
				MARKETING_VERSION = 1.0;
				PRODUCT_BUNDLE_IDENTIFIER = gz.xdmdev.CountryMeTests;
				PRODUCT_NAME = "$(TARGET_NAME)";
				SDKROOT = auto;
				STRING_CATALOG_GENERATE_SYMBOLS = NO;
				SUPPORTED_PLATFORMS = "iphoneos iphonesimulator macosx xros xrsimulator";
				SWIFT_APPROACHABLE_CONCURRENCY = YES;
				SWIFT_EMIT_LOC_STRINGS = NO;
				SWIFT_UPCOMING_FEATURE_MEMBER_IMPORT_VISIBILITY = YES;
				SWIFT_VERSION = 5.0;
				TARGETED_DEVICE_FAMILY = "1,2,7";
				TEST_HOST = "$(BUILT_PRODUCTS_DIR)/CountryMe.app/$(BUNDLE_EXECUTABLE_FOLDER_PATH)/CountryMe";
				XROS_DEPLOYMENT_TARGET = 26.5;
			};
			name = Debug;
		};
		7AA73CEF2FD6D1F600F09507 /* Release */ = {
			isa = XCBuildConfiguration;
			buildSettings = {
				BUNDLE_LOADER = "$(TEST_HOST)";
				CODE_SIGN_STYLE = Automatic;
				CURRENT_PROJECT_VERSION = 1;
				DEVELOPMENT_TEAM = BSYPP7R75C;
				GENERATE_INFOPLIST_FILE = YES;
				IPHONEOS_DEPLOYMENT_TARGET = 26.5;
				MACOSX_DEPLOYMENT_TARGET = 26.5;
				MARKETING_VERSION = 1.0;
				PRODUCT_BUNDLE_IDENTIFIER = gz.xdmdev.CountryMeTests;
				PRODUCT_NAME = "$(TARGET_NAME)";
				SDKROOT = auto;
				STRING_CATALOG_GENERATE_SYMBOLS = NO;
				SUPPORTED_PLATFORMS = "iphoneos iphonesimulator macosx xros xrsimulator";
				SWIFT_APPROACHABLE_CONCURRENCY = YES;
				SWIFT_EMIT_LOC_STRINGS = NO;
				SWIFT_UPCOMING_FEATURE_MEMBER_IMPORT_VISIBILITY = YES;
				SWIFT_VERSION = 5.0;
				TARGETED_DEVICE_FAMILY = "1,2,7";
				TEST_HOST = "$(BUILT_PRODUCTS_DIR)/CountryMe.app/$(BUNDLE_EXECUTABLE_FOLDER_PATH)/CountryMe";
				XROS_DEPLOYMENT_TARGET = 26.5;
			};
			name = Release;
		};
		7AA73CF12FD6D1F600F09507 /* Debug */ = {
			isa = XCBuildConfiguration;
			buildSettings = {
				CODE_SIGN_STYLE = Automatic;
				CURRENT_PROJECT_VERSION = 1;
				DEVELOPMENT_TEAM = BSYPP7R75C;
				GENERATE_INFOPLIST_FILE = YES;
				IPHONEOS_DEPLOYMENT_TARGET = 26.5;
				MACOSX_DEPLOYMENT_TARGET = 26.5;
				MARKETING_VERSION = 1.0;
				PRODUCT_BUNDLE_IDENTIFIER = gz.xdmdev.CountryMeUITests;
				PRODUCT_NAME = "$(TARGET_NAME)";
				SDKROOT = auto;
				STRING_CATALOG_GENERATE_SYMBOLS = NO;
				SUPPORTED_PLATFORMS = "iphoneos iphonesimulator macosx xros xrsimulator";
				SWIFT_APPROACHABLE_CONCURRENCY = YES;
				SWIFT_EMIT_LOC_STRINGS = NO;
				SWIFT_UPCOMING_FEATURE_MEMBER_IMPORT_VISIBILITY = YES;
				SWIFT_VERSION = 5.0;
				TARGETED_DEVICE_FAMILY = "1,2,7";
				TEST_TARGET_NAME = CountryMe;
				XROS_DEPLOYMENT_TARGET = 26.5;
			};
			name = Debug;
		};
		7AA73CF22FD6D1F600F09507 /* Release */ = {
			isa = XCBuildConfiguration;
			buildSettings = {
				CODE_SIGN_STYLE = Automatic;
				CURRENT_PROJECT_VERSION = 1;
				DEVELOPMENT_TEAM = BSYPP7R75C;
				GENERATE_INFOPLIST_FILE = YES;
				IPHONEOS_DEPLOYMENT_TARGET = 26.5;
				MACOSX_DEPLOYMENT_TARGET = 26.5;
				MARKETING_VERSION = 1.0;
				PRODUCT_BUNDLE_IDENTIFIER = gz.xdmdev.CountryMeUITests;
				PRODUCT_NAME = "$(TARGET_NAME)";
				SDKROOT = auto;
				STRING_CATALOG_GENERATE_SYMBOLS = NO;
				SUPPORTED_PLATFORMS = "iphoneos iphonesimulator macosx xros xrsimulator";
				SWIFT_APPROACHABLE_CONCURRENCY = YES;
				SWIFT_EMIT_LOC_STRINGS = NO;
				SWIFT_UPCOMING_FEATURE_MEMBER_IMPORT_VISIBILITY = YES;
				SWIFT_VERSION = 5.0;
				TARGETED_DEVICE_FAMILY = "1,2,7";
				TEST_TARGET_NAME = CountryMe;
				XROS_DEPLOYMENT_TARGET = 26.5;
			};
			name = Release;
		};
		7AA73D3F2FD6DD4C00F09507 /* Debug */ = {
			isa = XCBuildConfiguration;
			buildSettings = {
				ASSETCATALOG_COMPILER_GLOBAL_ACCENT_COLOR_NAME = AccentColor;
				ASSETCATALOG_COMPILER_WIDGET_BACKGROUND_COLOR_NAME = WidgetBackground;
				CODE_SIGN_ENTITLEMENTS = CountryMeWidgetExtension.entitlements;
				CODE_SIGN_STYLE = Automatic;
				CURRENT_PROJECT_VERSION = 1;
				DEVELOPMENT_TEAM = BSYPP7R75C;
				GENERATE_INFOPLIST_FILE = YES;
				INFOPLIST_FILE = CountryMeWidget/Info.plist;
				INFOPLIST_KEY_CFBundleDisplayName = CountryMeWidget;
				INFOPLIST_KEY_NSHumanReadableCopyright = "";
				IPHONEOS_DEPLOYMENT_TARGET = 26.5;
				LD_RUNPATH_SEARCH_PATHS = (
					"$(inherited)",
					"@executable_path/Frameworks",
					"@executable_path/../../Frameworks",
				);
				MARKETING_VERSION = 1.0;
				PRODUCT_BUNDLE_IDENTIFIER = gz.xdmdev.CountryMe.CountryMeWidget;
				PRODUCT_NAME = "$(TARGET_NAME)";
				SDKROOT = iphoneos;
				SKIP_INSTALL = YES;
				STRING_CATALOG_GENERATE_SYMBOLS = YES;
				SWIFT_APPROACHABLE_CONCURRENCY = YES;
				SWIFT_EMIT_LOC_STRINGS = YES;
				SWIFT_UPCOMING_FEATURE_MEMBER_IMPORT_VISIBILITY = YES;
				SWIFT_VERSION = 5.0;
				TARGETED_DEVICE_FAMILY = "1,2";
			};
			name = Debug;
		};
		7AA73D402FD6DD4C00F09507 /* Release */ = {
			isa = XCBuildConfiguration;
			buildSettings = {
				ASSETCATALOG_COMPILER_GLOBAL_ACCENT_COLOR_NAME = AccentColor;
				ASSETCATALOG_COMPILER_WIDGET_BACKGROUND_COLOR_NAME = WidgetBackground;
				CODE_SIGN_ENTITLEMENTS = CountryMeWidgetExtension.entitlements;
				CODE_SIGN_STYLE = Automatic;
				CURRENT_PROJECT_VERSION = 1;
				DEVELOPMENT_TEAM = BSYPP7R75C;
				GENERATE_INFOPLIST_FILE = YES;
				INFOPLIST_FILE = CountryMeWidget/Info.plist;
				INFOPLIST_KEY_CFBundleDisplayName = CountryMeWidget;
				INFOPLIST_KEY_NSHumanReadableCopyright = "";
				IPHONEOS_DEPLOYMENT_TARGET = 26.5;
				LD_RUNPATH_SEARCH_PATHS = (
					"$(inherited)",
					"@executable_path/Frameworks",
					"@executable_path/../../Frameworks",
				);
				MARKETING_VERSION = 1.0;
				PRODUCT_BUNDLE_IDENTIFIER = gz.xdmdev.CountryMe.CountryMeWidget;
				PRODUCT_NAME = "$(TARGET_NAME)";
				SDKROOT = iphoneos;
				SKIP_INSTALL = YES;
				STRING_CATALOG_GENERATE_SYMBOLS = YES;
				SWIFT_APPROACHABLE_CONCURRENCY = YES;
				SWIFT_EMIT_LOC_STRINGS = YES;
				SWIFT_UPCOMING_FEATURE_MEMBER_IMPORT_VISIBILITY = YES;
				SWIFT_VERSION = 5.0;
				TARGETED_DEVICE_FAMILY = "1,2";
				VALIDATE_PRODUCT = YES;
			};
			name = Release;
		};
/* End XCBuildConfiguration section */

/* Begin XCConfigurationList section */
		7AA73CBF2FD6D1F500F09507 /* Build configuration list for PBXProject "CountryMe" */ = {
			isa = XCConfigurationList;
			buildConfigurations = (
				7AA73CEB2FD6D1F600F09507 /* Debug */,
				7AA73CEC2FD6D1F600F09507 /* Release */,
			);
			defaultConfigurationIsVisible = 0;
			defaultConfigurationName = Release;
		};
		7AA73CE82FD6D1F600F09507 /* Build configuration list for PBXNativeTarget "CountryMe" */ = {
			isa = XCConfigurationList;
			buildConfigurations = (
				7AA73CE92FD6D1F600F09507 /* Debug */,
				7AA73CEA2FD6D1F600F09507 /* Release */,
			);
			defaultConfigurationIsVisible = 0;
			defaultConfigurationName = Release;
		};
		7AA73CED2FD6D1F600F09507 /* Build configuration list for PBXNativeTarget "CountryMeTests" */ = {
			isa = XCConfigurationList;
			buildConfigurations = (
				7AA73CEE2FD6D1F600F09507 /* Debug */,
				7AA73CEF2FD6D1F600F09507 /* Release */,
			);
			defaultConfigurationIsVisible = 0;
			defaultConfigurationName = Release;
		};
		7AA73CF02FD6D1F600F09507 /* Build configuration list for PBXNativeTarget "CountryMeUITests" */ = {
			isa = XCConfigurationList;
			buildConfigurations = (
				7AA73CF12FD6D1F600F09507 /* Debug */,
				7AA73CF22FD6D1F600F09507 /* Release */,
			);
			defaultConfigurationIsVisible = 0;
			defaultConfigurationName = Release;
		};
		7AA73D412FD6DD4C00F09507 /* Build configuration list for PBXNativeTarget "CountryMeWidgetExtension" */ = {
			isa = XCConfigurationList;
			buildConfigurations = (
				7AA73D3F2FD6DD4C00F09507 /* Debug */,
				7AA73D402FD6DD4C00F09507 /* Release */,
			);
			defaultConfigurationIsVisible = 0;
			defaultConfigurationName = Release;
		};
/* End XCConfigurationList section */
	};
	rootObject = 7AA73CBC2FD6D1F500F09507 /* Project object */;
}
